
Microsoft Visual Studio Solution File, Format Version 12.00
# Visual Studio Version 17
VisualStudioVersion = 17.14.36429.23 d17.14
MinimumVisualStudioVersion = 10.0.40219.1
Project("{FAE04EC0-301F-11D3-BF4B-00C04F79EFBC}") = "Controle de estoque", "Controle de estoque\Controle de estoque.csproj", "{C760A2B9-50FA-4E12-B6D6-BD3B7E3C374E}"
EndProject
Global
	GlobalSection(SolutionConfigurationPlatforms) = preSolution
		Debug|Any CPU = Debug|Any CPU
		Release|Any CPU = Release|Any CPU
	EndGlobalSection
	GlobalSection(ProjectConfigurationPlatforms) = postSolution
		{C760A2B9-50FA-4E12-B6D6-BD3B7E3C374E}.Debug|Any CPU.ActiveCfg = Debug|Any CPU
		{C760A2B9-50FA-4E12-B6D6-BD3B7E3C374E}.Debug|Any CPU.Build.0 = Debug|Any CPU
		{C760A2B9-50FA-4E12-B6D6-BD3B7E3C374E}.Release|Any CPU.ActiveCfg = Release|Any CPU
		{C760A2B9-50FA-4E12-B6D6-BD3B7E3C374E}.Release|Any CPU.Build.0 = Release|Any CPU
	EndGlobalSection
	GlobalSection(SolutionProperties) = preSolution
		HideSolutionNode = FALSE
	EndGlobalSection
	GlobalSection(ExtensibilityGlobals) = postSolution
		SolutionGuid = {D84515C3-9402-41FC-91B7-196AAAB7C5DA}
	EndGlobalSection
EndGlobal
